{
  "nodes": {
    "nixpkgs": {
      "locked": {
        "lastModified": 1762286042,
        "narHash": "sha256-OD5HsZ+sN7VvNucbrjiCz7CHF5zf9gP51YVJvPwYIH8=",
        "owner": "NixOS",
        "repo": "nixpkgs",
        "rev": "12c1f0253aa9a54fdf8ec8aecaafada64a111e24",
        "type": "github"
      },
      "original": {
        "owner": "NixOS",
        "ref": "nixpkgs-unstable",
        "repo": "nixpkgs",
        "type": "github"
      }
    },
    "root": {
      "inputs": {
        "nixpkgs": "nixpkgs",
        "zmk-nix": "zmk-nix"
      }
    },
    "zmk-nix": {
      "inputs": {
        "nixpkgs": [
          "nixpkgs"
        ]
      },
      "locked": {
        "lastModified": 1762363523,
        "narHash": "sha256-it9Tnf92I0HVUEOnnXx0ONXjoKevGrkamMxhvSu3k8k=",
        "owner": "FabianKoehnen",
        "repo": "zmk-nix",
        "rev": "8f78e80a40123df84712dfa298836c814df5926c",
        "type": "github"
      },
      "original": {
        "owner": "FabianKoehnen",
        "repo": "zmk-nix",
        "type": "github"
      }
    }
  },
  "root": "root",
  "version": 7
}
